
Microsoft Visual Studio Solution File, Format Version 12.00
# Visual Studio Version 17
VisualStudioVersion = 17.7.34024.191
MinimumVisualStudioVersion = 10.0.40219.1
Project("{FAE04EC0-301F-11D3-BF4B-00C04F79EFBC}") = "ConsoleApp3", "ConsoleApp3.csproj", "{5216F49E-985E-4BD7-904B-176815317C5D}"
EndProject
Global
	GlobalSection(SolutionConfigurationPlatforms) = preSolution
		Debug|Any CPU = Debug|Any CPU
		Release|Any CPU = Release|Any CPU
	EndGlobalSection
	GlobalSection(ProjectConfigurationPlatforms) = postSolution
		{5216F49E-985E-4BD7-904B-176815317C5D}.Debug|Any CPU.ActiveCfg = Debug|Any CPU
		{5216F49E-985E-4BD7-904B-176815317C5D}.Debug|Any CPU.Build.0 = Debug|Any CPU
		{5216F49E-985E-4BD7-904B-176815317C5D}.Release|Any CPU.ActiveCfg = Release|Any CPU
		{5216F49E-985E-4BD7-904B-176815317C5D}.Release|Any CPU.Build.0 = Release|Any CPU
	EndGlobalSection
	GlobalSection(SolutionProperties) = preSolution
		HideSolutionNode = FALSE
	EndGlobalSection
	GlobalSection(ExtensibilityGlobals) = postSolution
		SolutionGuid = {D4599FA8-A64D-4D26-B042-474251D731FC}
	EndGlobalSection
EndGlobal
