
Microsoft Visual Studio Solution File, Format Version 12.00
# Visual Studio Version 17
VisualStudioVersion = 17.7.34024.191
MinimumVisualStudioVersion = 10.0.40219.1
Project("{FAE04EC0-301F-11D3-BF4B-00C04F79EFBC}") = "ConsoleApp6", "ConsoleApp6.csproj", "{2CD0EE69-97B3-4D29-899F-55D328E1C030}"
EndProject
Global
	GlobalSection(SolutionConfigurationPlatforms) = preSolution
		Debug|Any CPU = Debug|Any CPU
		Release|Any CPU = Release|Any CPU
	EndGlobalSection
	GlobalSection(ProjectConfigurationPlatforms) = postSolution
		{2CD0EE69-97B3-4D29-899F-55D328E1C030}.Debug|Any CPU.ActiveCfg = Debug|Any CPU
		{2CD0EE69-97B3-4D29-899F-55D328E1C030}.Debug|Any CPU.Build.0 = Debug|Any CPU
		{2CD0EE69-97B3-4D29-899F-55D328E1C030}.Release|Any CPU.ActiveCfg = Release|Any CPU
		{2CD0EE69-97B3-4D29-899F-55D328E1C030}.Release|Any CPU.Build.0 = Release|Any CPU
	EndGlobalSection
	GlobalSection(SolutionProperties) = preSolution
		HideSolutionNode = FALSE
	EndGlobalSection
	GlobalSection(ExtensibilityGlobals) = postSolution
		SolutionGuid = {FA6170DF-B06B-416C-B503-2724574D95E7}
	EndGlobalSection
EndGlobal
